<?xml version="1.0" encoding="utf-8"?>
<Project ToolsVersion="4.0" xmlns="http://schemas.microsoft.com/developer/msbuild/2003">
  <ItemGroup>
    <Filter Include="소스 파일">
      <UniqueIdentifier>{4FC737F1-C7A5-4376-A066-2A32D752A2FF}</UniqueIdentifier>
      <Extensions>cpp;c;cc;cxx;c++;cppm;ixx;def;odl;idl;hpj;bat;asm;asmx</Extensions>
    </Filter>
    <Filter Include="헤더 파일">
      <UniqueIdentifier>{93995380-89BD-4b04-88EB-625FBE52EBFB}</UniqueIdentifier>
      <Extensions>h;hh;hpp;hxx;h++;hm;inl;inc;ipp;xsd</Extensions>
    </Filter>
    <Filter Include="리소스 파일">
      <UniqueIdentifier>{67DA6AB6-F800-4c08-8B7A-83BB121AAD01}</UniqueIdentifier>
      <Extensions>rc;ico;cur;bmp;dlg;rc2;rct;bin;rgs;gif;jpg;jpeg;jpe;resx;tiff;tif;png;wav;mfcribbon-ms</Extensions>
    </Filter>
    <Filter Include="Graphics">
      <UniqueIdentifier>{a4db765f-1f5c-4363-b70d-39bff2eb3b72}</UniqueIdentifier>
    </Filter>
    <Filter Include="Game">
      <UniqueIdentifier>{5275e356-0f13-4615-86a8-751896339c7e}</UniqueIdentifier>
    </Filter>
    <Filter Include="Time">
      <UniqueIdentifier>{12bfb484-0411-4a6c-bf97-b1be7cfbac14}</UniqueIdentifier>
    </Filter>
    <Filter Include="Math">
      <UniqueIdentifier>{ef0cc600-e662-414f-9736-04d65c464559}</UniqueIdentifier>
    </Filter>
    <Filter Include="Input">
      <UniqueIdentifier>{564ce620-f2de-4806-ac36-6f9297287c46}</UniqueIdentifier>
    </Filter>
    <Filter Include="Scene">
      <UniqueIdentifier>{4913a686-8f03-415d-805b-9c66e521ca00}</UniqueIdentifier>
    </Filter>
    <Filter Include="Component">
      <UniqueIdentifier>{e1b2faeb-216b-4e27-b949-c3d2dbb0dd57}</UniqueIdentifier>
    </Filter>
    <Filter Include="EngineCore">
      <UniqueIdentifier>{ad634498-0fe8-46f8-b598-5f749adb1c9a}</UniqueIdentifier>
    </Filter>
    <Filter Include="Component\Collision">
      <UniqueIdentifier>{43ad3dd4-5ea5-4a67-ad83-fe7b7709e70f}</UniqueIdentifier>
    </Filter>
    <Filter Include="Component\Renderer">
      <UniqueIdentifier>{9d201100-3abb-4934-8971-40e19c6adde2}</UniqueIdentifier>
    </Filter>
    <Filter Include="Component\Physics">
      <UniqueIdentifier>{a5291b64-ddb3-47c7-bc1c-240568585d6d}</UniqueIdentifier>
    </Filter>
    <Filter Include="DataStructure">
      <UniqueIdentifier>{abd3f349-5d03-4314-8d2f-7820752ae16e}</UniqueIdentifier>
    </Filter>
    <Filter Include="Component\Navigation">
      <UniqueIdentifier>{e6760777-f4d7-4c6c-9185-09f8ab0599bb}</UniqueIdentifier>
    </Filter>
    <Filter Include="Temporary">
      <UniqueIdentifier>{fdbc4339-8db1-4b90-baaa-4b996bcebe19}</UniqueIdentifier>
    </Filter>
    <Filter Include="Temporary\KMJ">
      <UniqueIdentifier>{ed3c87b1-cfc8-4d43-9841-1a73f58b5332}</UniqueIdentifier>
    </Filter>
    <Filter Include="Temporary\KMJ\Sound">
      <UniqueIdentifier>{bf81f8b7-6f0b-48ca-868b-ca4d5e559686}</UniqueIdentifier>
    </Filter>
    <Filter Include="Temporary\JKH">
      <UniqueIdentifier>{a1adb632-bb99-4e59-837f-dc19c0d250f6}</UniqueIdentifier>
    </Filter>
    <Filter Include="Temporary\JKH\Particle">
      <UniqueIdentifier>{86de21c5-cc06-4dc3-849d-0c27df79c48a}</UniqueIdentifier>
    </Filter>
    <Filter Include="Component\UI">
      <UniqueIdentifier>{90c9617f-79b6-4bfa-b74a-cad8b9ac55f0}</UniqueIdentifier>
    </Filter>
    <Filter Include="Component\UI\Renderer">
      <UniqueIdentifier>{064edc7e-ca22-4159-8f5c-7167f5755f00}</UniqueIdentifier>
    </Filter>
    <Filter Include="Component\Physics\SoftBody">
      <UniqueIdentifier>{8f640898-5a69-441f-8da7-a8ef1ebaa9e0}</UniqueIdentifier>
    </Filter>
    <Filter Include="Temporary\JKH\Message">
      <UniqueIdentifier>{b2f755ef-61d2-4e8b-b03e-5bebef2456fd}</UniqueIdentifier>
    </Filter>
  </ItemGroup>
  <ItemGroup>
    <ClInclude Include="Direct2DGraphics.h">
      <Filter>Graphics</Filter>
    </ClInclude>
    <ClInclude Include="GameObject.h">
      <Filter>Game</Filter>
    </ClInclude>
    <ClInclude Include="Graphics.h">
      <Filter>Graphics</Filter>
    </ClInclude>
    <ClInclude Include="Color.h">
      <Filter>Graphics</Filter>
    </ClInclude>
    <ClInclude Include="TimeController.h">
      <Filter>Time</Filter>
    </ClInclude>
    <ClInclude Include="BJMath.h">
      <Filter>Math</Filter>
    </ClInclude>
    <ClInclude Include="Input.h">
      <Filter>Input</Filter>
    </ClInclude>
    <ClInclude Include="SceneManager.h">
      <Filter>Scene</Filter>
    </ClInclude>
    <ClInclude Include="Scene.h">
      <Filter>Scene</Filter>
    </ClInclude>
    <ClInclude Include="Component.h">
      <Filter>Component</Filter>
    </ClInclude>
    <ClInclude Include="Transform.h">
      <Filter>Component</Filter>
    </ClInclude>
    <ClInclude Include="Vector3D.h">
      <Filter>Math</Filter>
    </ClInclude>
    <ClInclude Include="Vector2D.h">
      <Filter>Math</Filter>
    </ClInclude>
    <ClInclude Include="Matrix4x4.h">
      <Filter>Math</Filter>
    </ClInclude>
    <ClInclude Include="Matrix3x3.h">
      <Filter>Math</Filter>
    </ClInclude>
    <ClInclude Include="Matrix3x1.h">
      <Filter>Math</Filter>
    </ClInclude>
    <ClInclude Include="Matrix4x1.h">
      <Filter>Math</Filter>
    </ClInclude>
    <ClInclude Include="Camera.h">
      <Filter>Component</Filter>
    </ClInclude>
    <ClInclude Include="EngineSetting.h">
      <Filter>EngineCore</Filter>
    </ClInclude>
    <ClInclude Include="CoreSystem.h">
      <Filter>EngineCore</Filter>
    </ClInclude>
    <ClInclude Include="SpriteSheet.h">
      <Filter>Graphics</Filter>
    </ClInclude>
    <ClInclude Include="Direct2DSpriteSheet.h">
      <Filter>Graphics</Filter>
    </ClInclude>
    <ClInclude Include="GraphicsSystem.h">
      <Filter>EngineCore</Filter>
    </ClInclude>
    <ClInclude Include="Sprite.h">
      <Filter>Graphics</Filter>
    </ClInclude>
    <ClInclude Include="Direct2DSprite.h">
      <Filter>Graphics</Filter>
    </ClInclude>
    <ClInclude Include="GraphicsResourceManager.h">
      <Filter>EngineCore</Filter>
    </ClInclude>
    <ClInclude Include="BoxCollider.h">
      <Filter>Component\Collision</Filter>
    </ClInclude>
    <ClInclude Include="Collider.h">
      <Filter>Component\Collision</Filter>
    </ClInclude>
    <ClInclude Include="CircleCollider.h">
      <Filter>Component\Collision</Filter>
    </ClInclude>
    <ClInclude Include="ConvexpolygonCollider.h">
      <Filter>Component\Collision</Filter>
    </ClInclude>
    <ClInclude Include="LineCollider.h">
      <Filter>Component\Collision</Filter>
    </ClInclude>
    <ClInclude Include="PhysicsSystem.h">
      <Filter>EngineCore</Filter>
    </ClInclude>
    <ClInclude Include="SpriteRenderer.h">
      <Filter>Component\Renderer</Filter>
    </ClInclude>
    <ClInclude Include="PolygonRenderer.h">
      <Filter>Component\Renderer</Filter>
    </ClInclude>
    <ClInclude Include="TextRenderer.h">
      <Filter>Component\Renderer</Filter>
    </ClInclude>
    <ClInclude Include="Renderer.h">
      <Filter>Component\Renderer</Filter>
    </ClInclude>
    <ClInclude Include="CircleRenderer.h">
      <Filter>Component\Renderer</Filter>
    </ClInclude>
    <ClInclude Include="LineRenderer.h">
      <Filter>Component\Renderer</Filter>
    </ClInclude>
    <ClInclude Include="Rigidbody2D.h">
      <Filter>Component\Physics</Filter>
    </ClInclude>
    <ClInclude Include="QuadTree.h">
      <Filter>DataStructure</Filter>
    </ClInclude>
    <ClInclude Include="Navigation.h">
      <Filter>Component\Navigation</Filter>
    </ClInclude>
    <ClInclude Include="NavigationSystem.h">
      <Filter>EngineCore</Filter>
    </ClInclude>
    <ClInclude Include="Animator.h">
      <Filter>Component</Filter>
    </ClInclude>
    <ClInclude Include="Animation.h">
      <Filter>Game</Filter>
    </ClInclude>
    <ClInclude Include="AnimationResourceManager.h">
      <Filter>Game</Filter>
    </ClInclude>
    <ClInclude Include="AnimationSystem.h">
      <Filter>EngineCore</Filter>
    </ClInclude>
    <ClInclude Include="Particle.h">
      <Filter>Temporary\JKH\Particle</Filter>
    </ClInclude>
    <ClInclude Include="ParticleSystem.h">
      <Filter>Temporary\JKH\Particle</Filter>
    </ClInclude>
    <ClInclude Include="Button.h">
      <Filter>Component\UI</Filter>
    </ClInclude>
    <ClInclude Include="UISystem.h">
      <Filter>EngineCore</Filter>
    </ClInclude>
    <ClInclude Include="UI.h">
      <Filter>Component\UI</Filter>
    </ClInclude>
    <ClInclude Include="UIRenderer.h">
      <Filter>Component\UI\Renderer</Filter>
    </ClInclude>
    <ClInclude Include="Text.h">
      <Filter>Component\UI\Renderer</Filter>
    </ClInclude>
    <ClInclude Include="Image.h">
      <Filter>Component\UI\Renderer</Filter>
    </ClInclude>
    <ClInclude Include="SoundManager.h">
      <Filter>Temporary\KMJ\Sound</Filter>
    </ClInclude>
    <ClInclude Include="RandomNumberGenerator.h">
      <Filter>Temporary\JKH</Filter>
    </ClInclude>
    <ClInclude Include="ParticleEmitter.h">
      <Filter>Temporary\JKH\Particle</Filter>
    </ClInclude>
    <ClInclude Include="ParticleInfo.h">
      <Filter>Temporary\JKH\Particle</Filter>
    </ClInclude>
    <ClInclude Include="Softbody2D.h">
      <Filter>Component\Physics</Filter>
    </ClInclude>
    <ClInclude Include="Spring.h">
      <Filter>Component\Physics\SoftBody</Filter>
    </ClInclude>
    <ClInclude Include="SoftBody.h">
      <Filter>Component\Physics\SoftBody</Filter>
    </ClInclude>
    <ClInclude Include="Element.h">
      <Filter>Component\Physics\SoftBody</Filter>
    </ClInclude>
    <ClInclude Include="Direct2DDevice.h">
      <Filter>Graphics</Filter>
    </ClInclude>
    <ClInclude Include="DCSprite.h">
      <Filter>Graphics</Filter>
    </ClInclude>
    <ClInclude Include="DCSpriteSheet.h">
      <Filter>Graphics</Filter>
    </ClInclude>
  </ItemGroup>
  <ItemGroup>
    <ClCompile Include="Direct2DGraphics.cpp">
      <Filter>Graphics</Filter>
    </ClCompile>
    <ClCompile Include="GameObject.cpp">
      <Filter>Game</Filter>
    </ClCompile>
    <ClCompile Include="Color.cpp">
      <Filter>Graphics</Filter>
    </ClCompile>
    <ClCompile Include="TimeController.cpp">
      <Filter>Time</Filter>
    </ClCompile>
    <ClCompile Include="BJMath.cpp">
      <Filter>Math</Filter>
    </ClCompile>
    <ClCompile Include="Input.cpp">
      <Filter>Input</Filter>
    </ClCompile>
    <ClCompile Include="SceneManager.cpp">
      <Filter>Scene</Filter>
    </ClCompile>
    <ClCompile Include="Scene.cpp">
      <Filter>Scene</Filter>
    </ClCompile>
    <ClCompile Include="Component.cpp">
      <Filter>Component</Filter>
    </ClCompile>
    <ClCompile Include="Transform.cpp">
      <Filter>Component</Filter>
    </ClCompile>
    <ClCompile Include="Vector3D.cpp">
      <Filter>Math</Filter>
    </ClCompile>
    <ClCompile Include="Vector2D.cpp">
      <Filter>Math</Filter>
    </ClCompile>
    <ClCompile Include="Matrix4x4.cpp">
      <Filter>Math</Filter>
    </ClCompile>
    <ClCompile Include="Matrix3x3.cpp">
      <Filter>Math</Filter>
    </ClCompile>
    <ClCompile Include="Matrix3x1.cpp">
      <Filter>Math</Filter>
    </ClCompile>
    <ClCompile Include="Matrix4x1.cpp">
      <Filter>Math</Filter>
    </ClCompile>
    <ClCompile Include="Camera.cpp">
      <Filter>Component</Filter>
    </ClCompile>
    <ClCompile Include="EngineSetting.cpp">
      <Filter>EngineCore</Filter>
    </ClCompile>
    <ClCompile Include="CoreSystem.cpp">
      <Filter>EngineCore</Filter>
    </ClCompile>
    <ClCompile Include="Direct2DSpriteSheet.cpp">
      <Filter>Graphics</Filter>
    </ClCompile>
    <ClCompile Include="Direct2DSprite.cpp">
      <Filter>Graphics</Filter>
    </ClCompile>
    <ClCompile Include="GraphicsResourceManager.cpp">
      <Filter>EngineCore</Filter>
    </ClCompile>
    <ClCompile Include="GraphicsSystem.cpp">
      <Filter>EngineCore</Filter>
    </ClCompile>
    <ClCompile Include="BoxCollider.cpp">
      <Filter>Component\Collision</Filter>
    </ClCompile>
    <ClCompile Include="Collider.cpp">
      <Filter>Component\Collision</Filter>
    </ClCompile>
    <ClCompile Include="CircleCollider.cpp">
      <Filter>Component\Collision</Filter>
    </ClCompile>
    <ClCompile Include="ConvexpolygonCollider.cpp">
      <Filter>Component\Collision</Filter>
    </ClCompile>
    <ClCompile Include="LineCollider.cpp">
      <Filter>Component\Collision</Filter>
    </ClCompile>
    <ClCompile Include="PhysicsSystem.cpp">
      <Filter>EngineCore</Filter>
    </ClCompile>
    <ClCompile Include="SpriteRenderer.cpp">
      <Filter>Component\Renderer</Filter>
    </ClCompile>
    <ClCompile Include="PolygonRenderer.cpp">
      <Filter>Component\Renderer</Filter>
    </ClCompile>
    <ClCompile Include="TextRenderer.cpp">
      <Filter>Component\Renderer</Filter>
    </ClCompile>
    <ClCompile Include="Renderer.cpp">
      <Filter>Component\Renderer</Filter>
    </ClCompile>
    <ClCompile Include="CircleRenderer.cpp">
      <Filter>Component\Renderer</Filter>
    </ClCompile>
    <ClCompile Include="LineRenderer.cpp">
      <Filter>Component\Renderer</Filter>
    </ClCompile>
    <ClCompile Include="Rigidbody2D.cpp">
      <Filter>Component\Physics</Filter>
    </ClCompile>
    <ClCompile Include="QuadTree.cpp">
      <Filter>DataStructure</Filter>
    </ClCompile>
    <ClCompile Include="Navigation.cpp">
      <Filter>Component\Navigation</Filter>
    </ClCompile>
    <ClCompile Include="NavigationSystem.cpp">
      <Filter>EngineCore</Filter>
    </ClCompile>
    <ClCompile Include="SoundManager.cpp">
      <Filter>Temporary\KMJ\Sound</Filter>
    </ClCompile>
    <ClCompile Include="Animator.cpp">
      <Filter>Component</Filter>
    </ClCompile>
    <ClCompile Include="Animation.cpp">
      <Filter>Game</Filter>
    </ClCompile>
    <ClCompile Include="AnimationResourceManager.cpp">
      <Filter>Game</Filter>
    </ClCompile>
    <ClCompile Include="Sprite.cpp">
      <Filter>Graphics</Filter>
    </ClCompile>
    <ClCompile Include="AnimationSystem.cpp">
      <Filter>EngineCore</Filter>
    </ClCompile>
    <ClCompile Include="Particle.cpp">
      <Filter>Temporary\JKH\Particle</Filter>
    </ClCompile>
    <ClCompile Include="ParticleSystem.cpp">
      <Filter>Temporary\JKH\Particle</Filter>
    </ClCompile>
    <ClCompile Include="Button.cpp">
      <Filter>Component\UI</Filter>
    </ClCompile>
    <ClCompile Include="UISystem.cpp">
      <Filter>EngineCore</Filter>
    </ClCompile>
    <ClCompile Include="UI.cpp">
      <Filter>Component\UI</Filter>
    </ClCompile>
    <ClCompile Include="UIRenderer.cpp">
      <Filter>Component\UI\Renderer</Filter>
    </ClCompile>
    <ClCompile Include="Text.cpp">
      <Filter>Component\UI\Renderer</Filter>
    </ClCompile>
    <ClCompile Include="Image.cpp">
      <Filter>Component\UI\Renderer</Filter>
    </ClCompile>
    <ClCompile Include="RandomNumberGenerator.cpp">
      <Filter>Temporary\JKH</Filter>
    </ClCompile>
    <ClCompile Include="ParticleEmitter.cpp">
      <Filter>Temporary\JKH\Particle</Filter>
    </ClCompile>
    <ClCompile Include="ParticleInfo.cpp">
      <Filter>Temporary\JKH\Particle</Filter>
    </ClCompile>
    <ClCompile Include="Softbody2D.cpp">
      <Filter>Component\Physics</Filter>
    </ClCompile>
    <ClCompile Include="Spring.cpp">
      <Filter>Component\Physics\SoftBody</Filter>
    </ClCompile>
    <ClCompile Include="SoftBody.cpp">
      <Filter>Component\Physics\SoftBody</Filter>
    </ClCompile>
    <ClCompile Include="Element.cpp">
      <Filter>Component\Physics\SoftBody</Filter>
    </ClCompile>
    <ClCompile Include="Direct2DDevice.cpp">
      <Filter>Graphics</Filter>
    </ClCompile>
    <ClCompile Include="DCSprite.cpp">
      <Filter>Graphics</Filter>
    </ClCompile>
    <ClCompile Include="DCSpriteSheet.cpp">
      <Filter>Graphics</Filter>
    </ClCompile>
  </ItemGroup>
</Project>